
Microsoft Visual Studio Solution File, Format Version 12.00
Project("{2150E333-8FDC-42A3-9474-1A3956D46DE8}") = "sample", "sample", "{4B2763C8-FB48-4A73-97FD-B5C2B73EB922}"
EndProject
Project("{2150E333-8FDC-42A3-9474-1A3956D46DE8}") = "src", "src", "{3EADB12E-2159-4E15-A182-A30A22532F7F}"
EndProject
Project("{FAE04EC0-301F-11D3-BF4B-00C04F79EFBC}") = "AspNetCore.Identity.RavenDb.Sample", "sample\AspNetCore.Identity.RavenDb.Sample\AspNetCore.Identity.RavenDb.Sample.csproj", "{95BA4775-41AF-4DCC-9BDA-93161B9F1CD9}"
EndProject
Global
	GlobalSection(SolutionConfigurationPlatforms) = preSolution
		Debug|Any CPU = Debug|Any CPU
		Release|Any CPU = Release|Any CPU
	EndGlobalSection
	GlobalSection(NestedProjects) = preSolution
		{95BA4775-41AF-4DCC-9BDA-93161B9F1CD9} = {4B2763C8-FB48-4A73-97FD-B5C2B73EB922}
	EndGlobalSection
	GlobalSection(ProjectConfigurationPlatforms) = postSolution
		{95BA4775-41AF-4DCC-9BDA-93161B9F1CD9}.Debug|Any CPU.ActiveCfg = Debug|Any CPU
		{95BA4775-41AF-4DCC-9BDA-93161B9F1CD9}.Debug|Any CPU.Build.0 = Debug|Any CPU
		{95BA4775-41AF-4DCC-9BDA-93161B9F1CD9}.Release|Any CPU.ActiveCfg = Release|Any CPU
		{95BA4775-41AF-4DCC-9BDA-93161B9F1CD9}.Release|Any CPU.Build.0 = Release|Any CPU
	EndGlobalSection
EndGlobal
